github.com/boltdb/bolt v1.3.1 h1:JQmyP4ZBrce+ZQu0dY660FMfatumYDLun9hBCUVIkF4=
github.com/boltdb/bolt v1.3.1/go.mod h1:clJnj/oiGkjum5o1McbSZDSLxVThjynRyGBgiAx27Ps=
golang.org/x/sys v0.0.0-20190804053845-51ab0e2deafa h1:KIDDMLT1O0Nr7TSxp8xM5tJcdn8tgyAONntO829og1M=
golang.org/x/sys v0.0.0-20190804053845-51ab0e2deafa/go.mod h1:h1NjWce9XRLGQEsW7wpKNCjG9DtNlClVuFLEZdDNbEs=
golang.org/x/sys v0.0.0-20190813064441-fde4db37ae7a/go.mod h1:h1NjWce9XRLGQEsW7wpKNCjG9DtNlClVuFLEZdDNbEs=
golang.org/x/sys v0.0.0-20190830142957-1e83adbbebd0 h1:7z820YPX9pxWR59qM7BE5+fglp4D/mKqAwCvGt11b+8=
golang.org/x/sys v0.0.0-20190830142957-1e83adbbebd0/go.mod h1:h1NjWce9XRLGQEsW7wpKNCjG9DtNlClVuFLEZdDNbEs=
golang.org/x/sys v0.0.0-20190904154756-749cb33beabd h1:DBH9mDw0zluJT/R+nGuV3jWFWLFaHyYZWD4tOT+cjn0=
golang.org/x/sys v0.0.0-20190904154756-749cb33beabd/go.mod h1:h1NjWce9XRLGQEsW7wpKNCjG9DtNlClVuFLEZdDNbEs=
golang.org/x/sys v0.0.0-20190907184412-d223b2b6db03 h1:b3JiLYVaG9kHjTcOQIoUh978YMCO7oVTQQBLudU47zY=
golang.org/x/sys v0.0.0-20190907184412-d223b2b6db03/go.mod h1:h1NjWce9XRLGQEsW7wpKNCjG9DtNlClVuFLEZdDNbEs=
golang.org/x/sys v0.0.0-20190926180325-855e68c8590b h1:/8GN4qrAmRZQXgjWZHj9z/UJI5vNqQhPtgcw02z2f+8=
golang.org/x/sys v0.0.0-20190926180325-855e68c8590b/go.mod h1:h1NjWce9XRLGQEsW7wpKNCjG9DtNlClVuFLEZdDNbEs=
golang.org/x/sys v0.0.0-20190927073244-c990c680b611 h1:q9u40nxWT5zRClI/uU9dHCiYGottAg6Nzz4YUQyHxdA=
golang.org/x/sys v0.0.0-20190927073244-c990c680b611/go.mod h1:h1NjWce9XRLGQEsW7wpKNCjG9DtNlClVuFLEZdDNbEs=
