github.com/boltdb/bolt v1.3.1 h1:JQmyP4ZBrce+ZQu0dY660FMfatumYDLun9hBCUVIkF4=
github.com/boltdb/bolt v1.3.1/go.mod h1:clJnj/oiGkjum5o1McbSZDSLxVThjynRyGBgiAx27Ps=
golang.org/x/sys v0.0.0-20191027211539-f8518d3b3627 h1:/FZUR3d/QsXe4AcJyJFCc40TOj3y6Hs23Y3YJlvVkWo=
golang.org/x/sys v0.0.0-20191027211539-f8518d3b3627/go.mod h1:h1NjWce9XRLGQEsW7wpKNCjG9DtNlClVuFLEZdDNbEs=
